// !$*UTF8*$!
{
	archiveVersion = 1;
	classes = {
	};
	objectVersion = 56;
	objects = {

/* Begin PBXBuildFile section */
		1814176229BDF74D00B33034 /* AppDelegate.swift in Sources */ = {isa = PBXBuildFile; fileRef = 1814176129BDF74D00B33034 /* AppDelegate.swift */; };
		1814176429BDF74D00B33034 /* SceneDelegate.swift in Sources */ = {isa = PBXBuildFile; fileRef = 1814176329BDF74D00B33034 /* SceneDelegate.swift */; };
		1814176629BDF74D00B33034 /* ViewController.swift in Sources */ = {isa = PBXBuildFile; fileRef = 1814176529BDF74D00B33034 /* ViewController.swift */; };
		1814176929BDF74D00B33034 /* Main.storyboard in Resources */ = {isa = PBXBuildFile; fileRef = 1814176729BDF74D00B33034 /* Main.storyboard */; };
		1814176C29BDF74D00B33034 /* CloudkitExample.xcdatamodeld in Sources */ = {isa = PBXBuildFile; fileRef = 1814176A29BDF74D00B33034 /* CloudkitExample.xcdatamodeld */; };
		1814176E29BDF75000B33034 /* Assets.xcassets in Resources */ = {isa = PBXBuildFile; fileRef = 1814176D29BDF75000B33034 /* Assets.xcassets */; };
		1814177129BDF75000B33034 /* LaunchScreen.storyboard in Resources */ = {isa = PBXBuildFile; fileRef = 1814176F29BDF75000B33034 /* LaunchScreen.storyboard */; };
		1814177C29BDF75000B33034 /* CloudkitExampleTests.swift in Sources */ = {isa = PBXBuildFile; fileRef = 1814177B29BDF75000B33034 /* CloudkitExampleTests.swift */; };
		1814178629BDF75000B33034 /* CloudkitExampleUITests.swift in Sources */ = {isa = PBXBuildFile; fileRef = 1814178529BDF75000B33034 /* CloudkitExampleUITests.swift */; };
		1814178829BDF75000B33034 /* CloudkitExampleUITestsLaunchTests.swift in Sources */ = {isa = PBXBuildFile; fileRef = 1814178729BDF75000B33034 /* CloudkitExampleUITestsLaunchTests.swift */; };
		1814179829BDFB0900B33034 /* Note.swift in Sources */ = {isa = PBXBuildFile; fileRef = 1814179529BDFB0800B33034 /* Note.swift */; };
		1814179929BDFB0900B33034 /* AlertService.swift in Sources */ = {isa = PBXBuildFile; fileRef = 1814179629BDFB0800B33034 /* AlertService.swift */; };
		1814179A29BDFB0900B33034 /* CKService.swift in Sources */ = {isa = PBXBuildFile; fileRef = 1814179729BDFB0900B33034 /* CKService.swift */; };
		181417A029BE094900B33034 /* NoteService.swift in Sources */ = {isa = PBXBuildFile; fileRef = 1814179F29BE094900B33034 /* NoteService.swift */; };
		18336E9A29D055800071DF29 /* iCloudText.rtf in Resources */ = {isa = PBXBuildFile; fileRef = 18336E9929D055800071DF29 /* iCloudText.rtf */; };
		1881315C29CCB495008C7AFF /* UNService.swift in Sources */ = {isa = PBXBuildFile; fileRef = 1881315B29CCB495008C7AFF /* UNService.swift */; };
/* End PBXBuildFile section */

/* Begin PBXContainerItemProxy section */
		1814177829BDF75000B33034 /* PBXContainerItemProxy */ = {
			isa = PBXContainerItemProxy;
			containerPortal = 1814175629BDF74D00B33034 /* Project object */;
			proxyType = 1;
			remoteGlobalIDString = 1814175D29BDF74D00B33034;
			remoteInfo = CloudkitExample;
		};
		1814178229BDF75000B33034 /* PBXContainerItemProxy */ = {
			isa = PBXContainerItemProxy;
			containerPortal = 1814175629BDF74D00B33034 /* Project object */;
			proxyType = 1;
			remoteGlobalIDString = 1814175D29BDF74D00B33034;
			remoteInfo = CloudkitExample;
		};
/* End PBXContainerItemProxy section */

/* Begin PBXFileReference section */
		1814175E29BDF74D00B33034 /* CloudkitExample.app */ = {isa = PBXFileReference; explicitFileType = wrapper.application; includeInIndex = 0; path = CloudkitExample.app; sourceTree = BUILT_PRODUCTS_DIR; };
		1814176129BDF74D00B33034 /* AppDelegate.swift */ = {isa = PBXFileReference; lastKnownFileType = sourcecode.swift; path = AppDelegate.swift; sourceTree = "<group>"; };
		1814176329BDF74D00B33034 /* SceneDelegate.swift */ = {isa = PBXFileReference; lastKnownFileType = sourcecode.swift; path = SceneDelegate.swift; sourceTree = "<group>"; };
		1814176529BDF74D00B33034 /* ViewController.swift */ = {isa = PBXFileReference; lastKnownFileType = sourcecode.swift; path = ViewController.swift; sourceTree = "<group>"; };
		1814176829BDF74D00B33034 /* Base */ = {isa = PBXFileReference; lastKnownFileType = file.storyboard; name = Base; path = Base.lproj/Main.storyboard; sourceTree = "<group>"; };
		1814176B29BDF74D00B33034 /* CloudkitExample.xcdatamodel */ = {isa = PBXFileReference; lastKnownFileType = wrapper.xcdatamodel; path = CloudkitExample.xcdatamodel; sourceTree = "<group>"; };
		1814176D29BDF75000B33034 /* Assets.xcassets */ = {isa = PBXFileReference; lastKnownFileType = folder.assetcatalog; path = Assets.xcassets; sourceTree = "<group>"; };
		1814177029BDF75000B33034 /* Base */ = {isa = PBXFileReference; lastKnownFileType = file.storyboard; name = Base; path = Base.lproj/LaunchScreen.storyboard; sourceTree = "<group>"; };
		1814177229BDF75000B33034 /* Info.plist */ = {isa = PBXFileReference; lastKnownFileType = text.plist.xml; path = Info.plist; sourceTree = "<group>"; };
		1814177729BDF75000B33034 /* CloudkitExampleTests.xctest */ = {isa = PBXFileReference; explicitFileType = wrapper.cfbundle; includeInIndex = 0; path = CloudkitExampleTests.xctest; sourceTree = BUILT_PRODUCTS_DIR; };
		1814177B29BDF75000B33034 /* CloudkitExampleTests.swift */ = {isa = PBXFileReference; lastKnownFileType = sourcecode.swift; path = CloudkitExampleTests.swift; sourceTree = "<group>"; };
		1814178129BDF75000B33034 /* CloudkitExampleUITests.xctest */ = {isa = PBXFileReference; explicitFileType = wrapper.cfbundle; includeInIndex = 0; path = CloudkitExampleUITests.xctest; sourceTree = BUILT_PRODUCTS_DIR; };
		1814178529BDF75000B33034 /* CloudkitExampleUITests.swift */ = {isa = PBXFileReference; lastKnownFileType = sourcecode.swift; path = CloudkitExampleUITests.swift; sourceTree = "<group>"; };
		1814178729BDF75000B33034 /* CloudkitExampleUITestsLaunchTests.swift */ = {isa = PBXFileReference; lastKnownFileType = sourcecode.swift; path = CloudkitExampleUITestsLaunchTests.swift; sourceTree = "<group>"; };
		1814179429BDF76300B33034 /* CloudkitExample.entitlements */ = {isa = PBXFileReference; lastKnownFileType = text.plist.entitlements; path = CloudkitExample.entitlements; sourceTree = "<group>"; };
		1814179529BDFB0800B33034 /* Note.swift */ = {isa = PBXFileReference; fileEncoding = 4; lastKnownFileType = sourcecode.swift; path = Note.swift; sourceTree = "<group>"; };
		1814179629BDFB0800B33034 /* AlertService.swift */ = {isa = PBXFileReference; fileEncoding = 4; lastKnownFileType = sourcecode.swift; path = AlertService.swift; sourceTree = "<group>"; };
		1814179729BDFB0900B33034 /* CKService.swift */ = {isa = PBXFileReference; fileEncoding = 4; lastKnownFileType = sourcecode.swift; path = CKService.swift; sourceTree = "<group>"; };
		1814179F29BE094900B33034 /* NoteService.swift */ = {isa = PBXFileReference; lastKnownFileType = sourcecode.swift; path = NoteService.swift; sourceTree = "<group>"; };
		18336E9929D055800071DF29 /* iCloudText.rtf */ = {isa = PBXFileReference; lastKnownFileType = text.rtf; path = iCloudText.rtf; sourceTree = "<group>"; };
		1881315B29CCB495008C7AFF /* UNService.swift */ = {isa = PBXFileReference; lastKnownFileType = sourcecode.swift; path = UNService.swift; sourceTree = "<group>"; };
/* End PBXFileReference section */

/* Begin PBXFrameworksBuildPhase section */
		1814175B29BDF74D00B33034 /* Frameworks */ = {
			isa = PBXFrameworksBuildPhase;
			buildActionMask = 2147483647;
			files = (
			);
			runOnlyForDeploymentPostprocessing = 0;
		};
		1814177429BDF75000B33034 /* Frameworks */ = {
			isa = PBXFrameworksBuildPhase;
			buildActionMask = 2147483647;
			files = (
			);
			runOnlyForDeploymentPostprocessing = 0;
		};
		1814177E29BDF75000B33034 /* Frameworks */ = {
			isa = PBXFrameworksBuildPhase;
			buildActionMask = 2147483647;
			files = (
			);
			runOnlyForDeploymentPostprocessing = 0;
		};
/* End PBXFrameworksBuildPhase section */

/* Begin PBXGroup section */
		1814175529BDF74D00B33034 = {
			isa = PBXGroup;
			children = (
				1814176029BDF74D00B33034 /* CloudkitExample */,
				1814177A29BDF75000B33034 /* CloudkitExampleTests */,
				1814178429BDF75000B33034 /* CloudkitExampleUITests */,
				1814175F29BDF74D00B33034 /* Products */,
			);
			sourceTree = "<group>";
		};
		1814175F29BDF74D00B33034 /* Products */ = {
			isa = PBXGroup;
			children = (
				1814175E29BDF74D00B33034 /* CloudkitExample.app */,
				1814177729BDF75000B33034 /* CloudkitExampleTests.xctest */,
				1814178129BDF75000B33034 /* CloudkitExampleUITests.xctest */,
			);
			name = Products;
			sourceTree = "<group>";
		};
		1814176029BDF74D00B33034 /* CloudkitExample */ = {
			isa = PBXGroup;
			children = (
				1814179429BDF76300B33034 /* CloudkitExample.entitlements */,
				1814176129BDF74D00B33034 /* AppDelegate.swift */,
				18336E9929D055800071DF29 /* iCloudText.rtf */,
				1814176329BDF74D00B33034 /* SceneDelegate.swift */,
				1814179C29BDFE8B00B33034 /* Model */,
				1814179E29BDFEA200B33034 /* View */,
				1814179D29BDFE9600B33034 /* Controllers */,
				1814179B29BDFE7B00B33034 /* Services */,
				1814177229BDF75000B33034 /* Info.plist */,
				1814176A29BDF74D00B33034 /* CloudkitExample.xcdatamodeld */,
			);
			path = CloudkitExample;
			sourceTree = "<group>";
		};
		1814177A29BDF75000B33034 /* CloudkitExampleTests */ = {
			isa = PBXGroup;
			children = (
				1814177B29BDF75000B33034 /* CloudkitExampleTests.swift */,
			);
			path = CloudkitExampleTests;
			sourceTree = "<group>";
		};
		1814178429BDF75000B33034 /* CloudkitExampleUITests */ = {
			isa = PBXGroup;
			children = (
				1814178529BDF75000B33034 /* CloudkitExampleUITests.swift */,
				1814178729BDF75000B33034 /* CloudkitExampleUITestsLaunchTests.swift */,
			);
			path = CloudkitExampleUITests;
			sourceTree = "<group>";
		};
		1814179B29BDFE7B00B33034 /* Services */ = {
			isa = PBXGroup;
			children = (
				1814179629BDFB0800B33034 /* AlertService.swift */,
				1814179729BDFB0900B33034 /* CKService.swift */,
				1814179F29BE094900B33034 /* NoteService.swift */,
				1881315B29CCB495008C7AFF /* UNService.swift */,
			);
			path = Services;
			sourceTree = "<group>";
		};
		1814179C29BDFE8B00B33034 /* Model */ = {
			isa = PBXGroup;
			children = (
				1814179529BDFB0800B33034 /* Note.swift */,
			);
			path = Model;
			sourceTree = "<group>";
		};
		1814179D29BDFE9600B33034 /* Controllers */ = {
			isa = PBXGroup;
			children = (
				1814176529BDF74D00B33034 /* ViewController.swift */,
			);
			path = Controllers;
			sourceTree = "<group>";
		};
		1814179E29BDFEA200B33034 /* View */ = {
			isa = PBXGroup;
			children = (
				1814176729BDF74D00B33034 /* Main.storyboard */,
				1814176D29BDF75000B33034 /* Assets.xcassets */,
				1814176F29BDF75000B33034 /* LaunchScreen.storyboard */,
			);
			path = View;
			sourceTree = "<group>";
		};
/* End PBXGroup section */

/* Begin PBXNativeTarget section */
		1814175D29BDF74D00B33034 /* CloudkitExample */ = {
			isa = PBXNativeTarget;
			buildConfigurationList = 1814178B29BDF75000B33034 /* Build configuration list for PBXNativeTarget "CloudkitExample" */;
			buildPhases = (
				1814175A29BDF74D00B33034 /* Sources */,
				1814175B29BDF74D00B33034 /* Frameworks */,
				1814175C29BDF74D00B33034 /* Resources */,
			);
			buildRules = (
			);
			dependencies = (
			);
			name = CloudkitExample;
			productName = CloudkitExample;
			productReference = 1814175E29BDF74D00B33034 /* CloudkitExample.app */;
			productType = "com.apple.product-type.application";
		};
		1814177629BDF75000B33034 /* CloudkitExampleTests */ = {
			isa = PBXNativeTarget;
			buildConfigurationList = 1814178E29BDF75000B33034 /* Build configuration list for PBXNativeTarget "CloudkitExampleTests" */;
			buildPhases = (
				1814177329BDF75000B33034 /* Sources */,
				1814177429BDF75000B33034 /* Frameworks */,
				1814177529BDF75000B33034 /* Resources */,
			);
			buildRules = (
			);
			dependencies = (
				1814177929BDF75000B33034 /* PBXTargetDependency */,
			);
			name = CloudkitExampleTests;
			productName = CloudkitExampleTests;
			productReference = 1814177729BDF75000B33034 /* CloudkitExampleTests.xctest */;
			productType = "com.apple.product-type.bundle.unit-test";
		};
		1814178029BDF75000B33034 /* CloudkitExampleUITests */ = {
			isa = PBXNativeTarget;
			buildConfigurationList = 1814179129BDF75000B33034 /* Build configuration list for PBXNativeTarget "CloudkitExampleUITests" */;
			buildPhases = (
				1814177D29BDF75000B33034 /* Sources */,
				1814177E29BDF75000B33034 /* Frameworks */,
				1814177F29BDF75000B33034 /* Resources */,
			);
			buildRules = (
			);
			dependencies = (
				1814178329BDF75000B33034 /* PBXTargetDependency */,
			);
			name = CloudkitExampleUITests;
			productName = CloudkitExampleUITests;
			productReference = 1814178129BDF75000B33034 /* CloudkitExampleUITests.xctest */;
			productType = "com.apple.product-type.bundle.ui-testing";
		};
/* End PBXNativeTarget section */

/* Begin PBXProject section */
		1814175629BDF74D00B33034 /* Project object */ = {
			isa = PBXProject;
			attributes = {
				BuildIndependentTargetsInParallel = 1;
				LastSwiftUpdateCheck = 1420;
				LastUpgradeCheck = 1420;
				TargetAttributes = {
					1814175D29BDF74D00B33034 = {
						CreatedOnToolsVersion = 14.2;
					};
					1814177629BDF75000B33034 = {
						CreatedOnToolsVersion = 14.2;
						TestTargetID = 1814175D29BDF74D00B33034;
					};
					1814178029BDF75000B33034 = {
						CreatedOnToolsVersion = 14.2;
						TestTargetID = 1814175D29BDF74D00B33034;
					};
				};
			};
			buildConfigurationList = 1814175929BDF74D00B33034 /* Build configuration list for PBXProject "CloudkitExample" */;
			compatibilityVersion = "Xcode 14.0";
			developmentRegion = en;
			hasScannedForEncodings = 0;
			knownRegions = (
				en,
				Base,
			);
			mainGroup = 1814175529BDF74D00B33034;
			productRefGroup = 1814175F29BDF74D00B33034 /* Products */;
			projectDirPath = "";
			projectRoot = "";
			targets = (
				1814175D29BDF74D00B33034 /* CloudkitExample */,
				1814177629BDF75000B33034 /* CloudkitExampleTests */,
				1814178029BDF75000B33034 /* CloudkitExampleUITests */,
			);
		};
/* End PBXProject section */

/* Begin PBXResourcesBuildPhase section */
		1814175C29BDF74D00B33034 /* Resources */ = {
			isa = PBXResourcesBuildPhase;
			buildActionMask = 2147483647;
			files = (
				1814177129BDF75000B33034 /* LaunchScreen.storyboard in Resources */,
				18336E9A29D055800071DF29 /* iCloudText.rtf in Resources */,
				1814176E29BDF75000B33034 /* Assets.xcassets in Resources */,
				1814176929BDF74D00B33034 /* Main.storyboard in Resources */,
			);
			runOnlyForDeploymentPostprocessing = 0;
		};
		1814177529BDF75000B33034 /* Resources */ = {
			isa = PBXResourcesBuildPhase;
			buildActionMask = 2147483647;
			files = (
			);
			runOnlyForDeploymentPostprocessing = 0;
		};
		1814177F29BDF75000B33034 /* Resources */ = {
			isa = PBXResourcesBuildPhase;
			buildActionMask = 2147483647;
			files = (
			);
			runOnlyForDeploymentPostprocessing = 0;
		};
/* End PBXResourcesBuildPhase section */

/* Begin PBXSourcesBuildPhase section */
		1814175A29BDF74D00B33034 /* Sources */ = {
			isa = PBXSourcesBuildPhase;
			buildActionMask = 2147483647;
			files = (
				1814179829BDFB0900B33034 /* Note.swift in Sources */,
				1814179A29BDFB0900B33034 /* CKService.swift in Sources */,
				1814176629BDF74D00B33034 /* ViewController.swift in Sources */,
				1881315C29CCB495008C7AFF /* UNService.swift in Sources */,
				181417A029BE094900B33034 /* NoteService.swift in Sources */,
				1814176229BDF74D00B33034 /* AppDelegate.swift in Sources */,
				1814176429BDF74D00B33034 /* SceneDelegate.swift in Sources */,
				1814179929BDFB0900B33034 /* AlertService.swift in Sources */,
				1814176C29BDF74D00B33034 /* CloudkitExample.xcdatamodeld in Sources */,
			);
			runOnlyForDeploymentPostprocessing = 0;
		};
		1814177329BDF75000B33034 /* Sources */ = {
			isa = PBXSourcesBuildPhase;
			buildActionMask = 2147483647;
			files = (
				1814177C29BDF75000B33034 /* CloudkitExampleTests.swift in Sources */,
			);
			runOnlyForDeploymentPostprocessing = 0;
		};
		1814177D29BDF75000B33034 /* Sources */ = {
			isa = PBXSourcesBuildPhase;
			buildActionMask = 2147483647;
			files = (
				1814178829BDF75000B33034 /* CloudkitExampleUITestsLaunchTests.swift in Sources */,
				1814178629BDF75000B33034 /* CloudkitExampleUITests.swift in Sources */,
			);
			runOnlyForDeploymentPostprocessing = 0;
		};
/* End PBXSourcesBuildPhase section */

/* Begin PBXTargetDependency section */
		1814177929BDF75000B33034 /* PBXTargetDependency */ = {
			isa = PBXTargetDependency;
			target = 1814175D29BDF74D00B33034 /* CloudkitExample */;
			targetProxy = 1814177829BDF75000B33034 /* PBXContainerItemProxy */;
		};
		1814178329BDF75000B33034 /* PBXTargetDependency */ = {
			isa = PBXTargetDependency;
			target = 1814175D29BDF74D00B33034 /* CloudkitExample */;
			targetProxy = 1814178229BDF75000B33034 /* PBXContainerItemProxy */;
		};
/* End PBXTargetDependency section */

/* Begin PBXVariantGroup section */
		1814176729BDF74D00B33034 /* Main.storyboard */ = {
			isa = PBXVariantGroup;
			children = (
				1814176829BDF74D00B33034 /* Base */,
			);
			name = Main.storyboard;
			sourceTree = "<group>";
		};
		1814176F29BDF75000B33034 /* LaunchScreen.storyboard */ = {
			isa = PBXVariantGroup;
			children = (
				1814177029BDF75000B33034 /* Base */,
			);
			name = LaunchScreen.storyboard;
			sourceTree = "<group>";
		};
/* End PBXVariantGroup section */

/* Begin XCBuildConfiguration section */
		1814178929BDF75000B33034 /* Debug */ = {
			isa = XCBuildConfiguration;
			buildSettings = {
				ALWAYS_SEARCH_USER_PATHS = NO;
				CLANG_ANALYZER_NONNULL = YES;
				CLANG_ANALYZER_NUMBER_OBJECT_CONVERSION = YES_AGGRESSIVE;
				CLANG_CXX_LANGUAGE_STANDARD = "gnu++20";
				CLANG_ENABLE_MODULES = YES;
				CLANG_ENABLE_OBJC_ARC = YES;
				CLANG_ENABLE_OBJC_WEAK = YES;
				CLANG_WARN_BLOCK_CAPTURE_AUTORELEASING = YES;
				CLANG_WARN_BOOL_CONVERSION = YES;
				CLANG_WARN_COMMA = YES;
				CLANG_WARN_CONSTANT_CONVERSION = YES;
				CLANG_WARN_DEPRECATED_OBJC_IMPLEMENTATIONS = YES;
				CLANG_WARN_DIRECT_OBJC_ISA_USAGE = YES_ERROR;
				CLANG_WARN_DOCUMENTATION_COMMENTS = YES;
				CLANG_WARN_EMPTY_BODY = YES;
				CLANG_WARN_ENUM_CONVERSION = YES;
				CLANG_WARN_INFINITE_RECURSION = YES;
				CLANG_WARN_INT_CONVERSION = YES;
				CLANG_WARN_NON_LITERAL_NULL_CONVERSION = YES;
				CLANG_WARN_OBJC_IMPLICIT_RETAIN_SELF = YES;
				CLANG_WARN_OBJC_LITERAL_CONVERSION = YES;
				CLANG_WARN_OBJC_ROOT_CLASS = YES_ERROR;
				CLANG_WARN_QUOTED_INCLUDE_IN_FRAMEWORK_HEADER = YES;
				CLANG_WARN_RANGE_LOOP_ANALYSIS = YES;
				CLANG_WARN_STRICT_PROTOTYPES = YES;
				CLANG_WARN_SUSPICIOUS_MOVE = YES;
				CLANG_WARN_UNGUARDED_AVAILABILITY = YES_AGGRESSIVE;
				CLANG_WARN_UNREACHABLE_CODE = YES;
				CLANG_WARN__DUPLICATE_METHOD_MATCH = YES;
				COPY_PHASE_STRIP = NO;
				DEBUG_INFORMATION_FORMAT = dwarf;
				ENABLE_STRICT_OBJC_MSGSEND = YES;
				ENABLE_TESTABILITY = YES;
				GCC_C_LANGUAGE_STANDARD = gnu11;
				GCC_DYNAMIC_NO_PIC = NO;
				GCC_NO_COMMON_BLOCKS = YES;
				GCC_OPTIMIZATION_LEVEL = 0;
				GCC_PREPROCESSOR_DEFINITIONS = (
					"DEBUG=1",
					"$(inherited)",
				);
				GCC_WARN_64_TO_32_BIT_CONVERSION = YES;
				GCC_WARN_ABOUT_RETURN_TYPE = YES_ERROR;
				GCC_WARN_UNDECLARED_SELECTOR = YES;
				GCC_WARN_UNINITIALIZED_AUTOS = YES_AGGRESSIVE;
				GCC_WARN_UNUSED_FUNCTION = YES;
				GCC_WARN_UNUSED_VARIABLE = YES;
				IPHONEOS_DEPLOYMENT_TARGET = 16.2;
				MTL_ENABLE_DEBUG_INFO = INCLUDE_SOURCE;
				MTL_FAST_MATH = YES;
				ONLY_ACTIVE_ARCH = YES;
				SDKROOT = iphoneos;
				SWIFT_ACTIVE_COMPILATION_CONDITIONS = DEBUG;
				SWIFT_OPTIMIZATION_LEVEL = "-Onone";
			};
			name = Debug;
		};
		1814178A29BDF75000B33034 /* Release */ = {
			isa = XCBuildConfiguration;
			buildSettings = {
				ALWAYS_SEARCH_USER_PATHS = NO;
				CLANG_ANALYZER_NONNULL = YES;
				CLANG_ANALYZER_NUMBER_OBJECT_CONVERSION = YES_AGGRESSIVE;
				CLANG_CXX_LANGUAGE_STANDARD = "gnu++20";
				CLANG_ENABLE_MODULES = YES;
				CLANG_ENABLE_OBJC_ARC = YES;
				CLANG_ENABLE_OBJC_WEAK = YES;
				CLANG_WARN_BLOCK_CAPTURE_AUTORELEASING = YES;
				CLANG_WARN_BOOL_CONVERSION = YES;
				CLANG_WARN_COMMA = YES;
				CLANG_WARN_CONSTANT_CONVERSION = YES;
				CLANG_WARN_DEPRECATED_OBJC_IMPLEMENTATIONS = YES;
				CLANG_WARN_DIRECT_OBJC_ISA_USAGE = YES_ERROR;
				CLANG_WARN_DOCUMENTATION_COMMENTS = YES;
				CLANG_WARN_EMPTY_BODY = YES;
				CLANG_WARN_ENUM_CONVERSION = YES;
				CLANG_WARN_INFINITE_RECURSION = YES;
				CLANG_WARN_INT_CONVERSION = YES;
				CLANG_WARN_NON_LITERAL_NULL_CONVERSION = YES;
				CLANG_WARN_OBJC_IMPLICIT_RETAIN_SELF = YES;
				CLANG_WARN_OBJC_LITERAL_CONVERSION = YES;
				CLANG_WARN_OBJC_ROOT_CLASS = YES_ERROR;
				CLANG_WARN_QUOTED_INCLUDE_IN_FRAMEWORK_HEADER = YES;
				CLANG_WARN_RANGE_LOOP_ANALYSIS = YES;
				CLANG_WARN_STRICT_PROTOTYPES = YES;
				CLANG_WARN_SUSPICIOUS_MOVE = YES;
				CLANG_WARN_UNGUARDED_AVAILABILITY = YES_AGGRESSIVE;
				CLANG_WARN_UNREACHABLE_CODE = YES;
				CLANG_WARN__DUPLICATE_METHOD_MATCH = YES;
				COPY_PHASE_STRIP = NO;
				DEBUG_INFORMATION_FORMAT = "dwarf-with-dsym";
				ENABLE_NS_ASSERTIONS = NO;
				ENABLE_STRICT_OBJC_MSGSEND = YES;
				GCC_C_LANGUAGE_STANDARD = gnu11;
				GCC_NO_COMMON_BLOCKS = YES;
				GCC_WARN_64_TO_32_BIT_CONVERSION = YES;
				GCC_WARN_ABOUT_RETURN_TYPE = YES_ERROR;
				GCC_WARN_UNDECLARED_SELECTOR = YES;
				GCC_WARN_UNINITIALIZED_AUTOS = YES_AGGRESSIVE;
				GCC_WARN_UNUSED_FUNCTION = YES;
				GCC_WARN_UNUSED_VARIABLE = YES;
				IPHONEOS_DEPLOYMENT_TARGET = 16.2;
				MTL_ENABLE_DEBUG_INFO = NO;
				MTL_FAST_MATH = YES;
				SDKROOT = iphoneos;
				SWIFT_COMPILATION_MODE = wholemodule;
				SWIFT_OPTIMIZATION_LEVEL = "-O";
				VALIDATE_PRODUCT = YES;
			};
			name = Release;
		};
		1814178C29BDF75000B33034 /* Debug */ = {
			isa = XCBuildConfiguration;
			buildSettings = {
				ASSETCATALOG_COMPILER_APPICON_NAME = AppIcon;
				ASSETCATALOG_COMPILER_GLOBAL_ACCENT_COLOR_NAME = AccentColor;
				CODE_SIGN_ENTITLEMENTS = CloudkitExample/CloudkitExample.entitlements;
				CODE_SIGN_STYLE = Automatic;
				CURRENT_PROJECT_VERSION = 1;
				DEVELOPMENT_TEAM = CYN5M7KJ2P;
				GENERATE_INFOPLIST_FILE = YES;
				INFOPLIST_FILE = CloudkitExample/Info.plist;
				INFOPLIST_KEY_UIApplicationSupportsIndirectInputEvents = YES;
				INFOPLIST_KEY_UILaunchStoryboardName = LaunchScreen;
				INFOPLIST_KEY_UIMainStoryboardFile = Main;
				INFOPLIST_KEY_UISupportedInterfaceOrientations_iPad = "UIInterfaceOrientationPortrait UIInterfaceOrientationPortraitUpsideDown UIInterfaceOrientationLandscapeLeft UIInterfaceOrientationLandscapeRight";
				INFOPLIST_KEY_UISupportedInterfaceOrientations_iPhone = "UIInterfaceOrientationPortrait UIInterfaceOrientationLandscapeLeft UIInterfaceOrientationLandscapeRight";
				LD_RUNPATH_SEARCH_PATHS = (
					"$(inherited)",
					"@executable_path/Frameworks",
				);
				MARKETING_VERSION = 1.0;
				PRODUCT_BUNDLE_IDENTIFIER = com.cloudkitexample.rk;
				PRODUCT_NAME = "$(TARGET_NAME)";
				SWIFT_EMIT_LOC_STRINGS = YES;
				SWIFT_VERSION = 5.0;
				TARGETED_DEVICE_FAMILY = "1,2";
			};
			name = Debug;
		};
		1814178D29BDF75000B33034 /* Release */ = {
			isa = XCBuildConfiguration;
			buildSettings = {
				ASSETCATALOG_COMPILER_APPICON_NAME = AppIcon;
				ASSETCATALOG_COMPILER_GLOBAL_ACCENT_COLOR_NAME = AccentColor;
				CODE_SIGN_ENTITLEMENTS = CloudkitExample/CloudkitExample.entitlements;
				CODE_SIGN_STYLE = Automatic;
				CURRENT_PROJECT_VERSION = 1;
				DEVELOPMENT_TEAM = CYN5M7KJ2P;
				GENERATE_INFOPLIST_FILE = YES;
				INFOPLIST_FILE = CloudkitExample/Info.plist;
				INFOPLIST_KEY_UIApplicationSupportsIndirectInputEvents = YES;
				INFOPLIST_KEY_UILaunchStoryboardName = LaunchScreen;
				INFOPLIST_KEY_UIMainStoryboardFile = Main;
				INFOPLIST_KEY_UISupportedInterfaceOrientations_iPad = "UIInterfaceOrientationPortrait UIInterfaceOrientationPortraitUpsideDown UIInterfaceOrientationLandscapeLeft UIInterfaceOrientationLandscapeRight";
				INFOPLIST_KEY_UISupportedInterfaceOrientations_iPhone = "UIInterfaceOrientationPortrait UIInterfaceOrientationLandscapeLeft UIInterfaceOrientationLandscapeRight";
				LD_RUNPATH_SEARCH_PATHS = (
					"$(inherited)",
					"@executable_path/Frameworks",
				);
				MARKETING_VERSION = 1.0;
				PRODUCT_BUNDLE_IDENTIFIER = com.cloudkitexample.rk;
				PRODUCT_NAME = "$(TARGET_NAME)";
				SWIFT_EMIT_LOC_STRINGS = YES;
				SWIFT_VERSION = 5.0;
				TARGETED_DEVICE_FAMILY = "1,2";
			};
			name = Release;
		};
		1814178F29BDF75000B33034 /* Debug */ = {
			isa = XCBuildConfiguration;
			buildSettings = {
				ALWAYS_EMBED_SWIFT_STANDARD_LIBRARIES = YES;
				BUNDLE_LOADER = "$(TEST_HOST)";
				CODE_SIGN_STYLE = Automatic;
				CURRENT_PROJECT_VERSION = 1;
				DEVELOPMENT_TEAM = CYN5M7KJ2P;
				GENERATE_INFOPLIST_FILE = YES;
				IPHONEOS_DEPLOYMENT_TARGET = 16.2;
				MARKETING_VERSION = 1.0;
				PRODUCT_BUNDLE_IDENTIFIER = RK.CloudkitExampleTests;
				PRODUCT_NAME = "$(TARGET_NAME)";
				SWIFT_EMIT_LOC_STRINGS = NO;
				SWIFT_VERSION = 5.0;
				TARGETED_DEVICE_FAMILY = "1,2";
				TEST_HOST = "$(BUILT_PRODUCTS_DIR)/CloudkitExample.app/$(BUNDLE_EXECUTABLE_FOLDER_PATH)/CloudkitExample";
			};
			name = Debug;
		};
		1814179029BDF75000B33034 /* Release */ = {
			isa = XCBuildConfiguration;
			buildSettings = {
				ALWAYS_EMBED_SWIFT_STANDARD_LIBRARIES = YES;
				BUNDLE_LOADER = "$(TEST_HOST)";
				CODE_SIGN_STYLE = Automatic;
				CURRENT_PROJECT_VERSION = 1;
				DEVELOPMENT_TEAM = CYN5M7KJ2P;
				GENERATE_INFOPLIST_FILE = YES;
				IPHONEOS_DEPLOYMENT_TARGET = 16.2;
				MARKETING_VERSION = 1.0;
				PRODUCT_BUNDLE_IDENTIFIER = RK.CloudkitExampleTests;
				PRODUCT_NAME = "$(TARGET_NAME)";
				SWIFT_EMIT_LOC_STRINGS = NO;
				SWIFT_VERSION = 5.0;
				TARGETED_DEVICE_FAMILY = "1,2";
				TEST_HOST = "$(BUILT_PRODUCTS_DIR)/CloudkitExample.app/$(BUNDLE_EXECUTABLE_FOLDER_PATH)/CloudkitExample";
			};
			name = Release;
		};
		1814179229BDF75000B33034 /* Debug */ = {
			isa = XCBuildConfiguration;
			buildSettings = {
				ALWAYS_EMBED_SWIFT_STANDARD_LIBRARIES = YES;
				CODE_SIGN_STYLE = Automatic;
				CURRENT_PROJECT_VERSION = 1;
				DEVELOPMENT_TEAM = CYN5M7KJ2P;
				GENERATE_INFOPLIST_FILE = YES;
				MARKETING_VERSION = 1.0;
				PRODUCT_BUNDLE_IDENTIFIER = RK.CloudkitExampleUITests;
				PRODUCT_NAME = "$(TARGET_NAME)";
				SWIFT_EMIT_LOC_STRINGS = NO;
				SWIFT_VERSION = 5.0;
				TARGETED_DEVICE_FAMILY = "1,2";
				TEST_TARGET_NAME = CloudkitExample;
			};
			name = Debug;
		};
		1814179329BDF75000B33034 /* Release */ = {
			isa = XCBuildConfiguration;
			buildSettings = {
				ALWAYS_EMBED_SWIFT_STANDARD_LIBRARIES = YES;
				CODE_SIGN_STYLE = Automatic;
				CURRENT_PROJECT_VERSION = 1;
				DEVELOPMENT_TEAM = CYN5M7KJ2P;
				GENERATE_INFOPLIST_FILE = YES;
				MARKETING_VERSION = 1.0;
				PRODUCT_BUNDLE_IDENTIFIER = RK.CloudkitExampleUITests;
				PRODUCT_NAME = "$(TARGET_NAME)";
				SWIFT_EMIT_LOC_STRINGS = NO;
				SWIFT_VERSION = 5.0;
				TARGETED_DEVICE_FAMILY = "1,2";
				TEST_TARGET_NAME = CloudkitExample;
			};
			name = Release;
		};
/* End XCBuildConfiguration section */

/* Begin XCConfigurationList section */
		1814175929BDF74D00B33034 /* Build configuration list for PBXProject "CloudkitExample" */ = {
			isa = XCConfigurationList;
			buildConfigurations = (
				1814178929BDF75000B33034 /* Debug */,
				1814178A29BDF75000B33034 /* Release */,
			);
			defaultConfigurationIsVisible = 0;
			defaultConfigurationName = Release;
		};
		1814178B29BDF75000B33034 /* Build configuration list for PBXNativeTarget "CloudkitExample" */ = {
			isa = XCConfigurationList;
			buildConfigurations = (
				1814178C29BDF75000B33034 /* Debug */,
				1814178D29BDF75000B33034 /* Release */,
			);
			defaultConfigurationIsVisible = 0;
			defaultConfigurationName = Release;
		};
		1814178E29BDF75000B33034 /* Build configuration list for PBXNativeTarget "CloudkitExampleTests" */ = {
			isa = XCConfigurationList;
			buildConfigurations = (
				1814178F29BDF75000B33034 /* Debug */,
				1814179029BDF75000B33034 /* Release */,
			);
			defaultConfigurationIsVisible = 0;
			defaultConfigurationName = Release;
		};
		1814179129BDF75000B33034 /* Build configuration list for PBXNativeTarget "CloudkitExampleUITests" */ = {
			isa = XCConfigurationList;
			buildConfigurations = (
				1814179229BDF75000B33034 /* Debug */,
				1814179329BDF75000B33034 /* Release */,
			);
			defaultConfigurationIsVisible = 0;
			defaultConfigurationName = Release;
		};
/* End XCConfigurationList section */

/* Begin XCVersionGroup section */
		1814176A29BDF74D00B33034 /* CloudkitExample.xcdatamodeld */ = {
			isa = XCVersionGroup;
			children = (
				1814176B29BDF74D00B33034 /* CloudkitExample.xcdatamodel */,
			);
			currentVersion = 1814176B29BDF74D00B33034 /* CloudkitExample.xcdatamodel */;
			path = CloudkitExample.xcdatamodeld;
			sourceTree = "<group>";
			versionGroupType = wrapper.xcdatamodel;
		};
/* End XCVersionGroup section */
	};
	rootObject = 1814175629BDF74D00B33034 /* Project object */;
}
